// !$*UTF8*$!
{
	archiveVersion = 1;
	classes = {
	};
	objectVersion = 46;
	objects = {

/* Begin PBXBuildFile section */
		3E217B961E78A686002E9FE9 /* langs.txt in Resources */ = {isa = PBXBuildFile; fileRef = 3E217B951E78A686002E9FE9 /* langs.txt */; };
		3E217B971E78A686002E9FE9 /* langs.txt in Resources */ = {isa = PBXBuildFile; fileRef = 3E217B951E78A686002E9FE9 /* langs.txt */; };
		3E217B981E78A686002E9FE9 /* langs.txt in Resources */ = {isa = PBXBuildFile; fileRef = 3E217B951E78A686002E9FE9 /* langs.txt */; };
		3E4AC4191E5E3A61003061F5 /* Recorder.swift in Sources */ = {isa = PBXBuildFile; fileRef = 3E4AC4181E5E3A61003061F5 /* Recorder.swift */; };
		3E586C7F1E737EB7002C56CA /* DataViewController.swift in Sources */ = {isa = PBXBuildFile; fileRef = 3E586C7E1E737EB7002C56CA /* DataViewController.swift */; };
		3E586C811E749C32002C56CA /* AgreementViewController.swift in Sources */ = {isa = PBXBuildFile; fileRef = 3E586C801E749C32002C56CA /* AgreementViewController.swift */; };
		3E5C8E8D1E579B2C00AE2AE4 /* AppDelegate.swift in Sources */ = {isa = PBXBuildFile; fileRef = 3E5C8E8C1E579B2C00AE2AE4 /* AppDelegate.swift */; };
		3E5C8E8F1E579B2C00AE2AE4 /* ViewController.swift in Sources */ = {isa = PBXBuildFile; fileRef = 3E5C8E8E1E579B2C00AE2AE4 /* ViewController.swift */; };
		3E5C8E921E579B2C00AE2AE4 /* Main.storyboard in Resources */ = {isa = PBXBuildFile; fileRef = 3E5C8E901E579B2C00AE2AE4 /* Main.storyboard */; };
		3E5C8E941E579B2C00AE2AE4 /* Assets.xcassets in Resources */ = {isa = PBXBuildFile; fileRef = 3E5C8E931E579B2C00AE2AE4 /* Assets.xcassets */; };
		3E5C8E971E579B2C00AE2AE4 /* LaunchScreen.storyboard in Resources */ = {isa = PBXBuildFile; fileRef = 3E5C8E951E579B2C00AE2AE4 /* LaunchScreen.storyboard */; };
		3E5C8EA21E579B2C00AE2AE4 /* VoicebankTests.swift in Sources */ = {isa = PBXBuildFile; fileRef = 3E5C8EA11E579B2C00AE2AE4 /* VoicebankTests.swift */; };
		3E5C8EAD1E579B2C00AE2AE4 /* VoicebankUITests.swift in Sources */ = {isa = PBXBuildFile; fileRef = 3E5C8EAC1E579B2C00AE2AE4 /* VoicebankUITests.swift */; };
		3E60B2431E6F5F0E00778806 /* Sha1.m in Sources */ = {isa = PBXBuildFile; fileRef = 3E60B2421E6F5F0E00778806 /* Sha1.m */; };
		3EA962931E64E70D009F736B /* WSComm.swift in Sources */ = {isa = PBXBuildFile; fileRef = 3EA962921E64E70D009F736B /* WSComm.swift */; };
		7C46917A1E67450E00B7D646 /* SwiftSiriWaveformView.swift in Sources */ = {isa = PBXBuildFile; fileRef = 7C4691791E67450E00B7D646 /* SwiftSiriWaveformView.swift */; };
		7C46917C1E67558C00B7D646 /* LongPressRecordButton.swift in Sources */ = {isa = PBXBuildFile; fileRef = 7C46917B1E67558C00B7D646 /* LongPressRecordButton.swift */; };
		7C5B4E911E6A512F00E96D9A /* click2.wav in Resources */ = {isa = PBXBuildFile; fileRef = 7C5B4E8F1E6A512F00E96D9A /* click2.wav */; };
		7C5B4E921E6A512F00E96D9A /* click3.wav in Resources */ = {isa = PBXBuildFile; fileRef = 7C5B4E901E6A512F00E96D9A /* click3.wav */; };
/* End PBXBuildFile section */

/* Begin PBXContainerItemProxy section */
		3E5C8E9E1E579B2C00AE2AE4 /* PBXContainerItemProxy */ = {
			isa = PBXContainerItemProxy;
			containerPortal = 3E5C8E811E579B2C00AE2AE4 /* Project object */;
			proxyType = 1;
			remoteGlobalIDString = 3E5C8E881E579B2C00AE2AE4;
			remoteInfo = Voicebank;
		};
		3E5C8EA91E579B2C00AE2AE4 /* PBXContainerItemProxy */ = {
			isa = PBXContainerItemProxy;
			containerPortal = 3E5C8E811E579B2C00AE2AE4 /* Project object */;
			proxyType = 1;
			remoteGlobalIDString = 3E5C8E881E579B2C00AE2AE4;
			remoteInfo = Voicebank;
		};
/* End PBXContainerItemProxy section */

/* Begin PBXFileReference section */
		3E217B951E78A686002E9FE9 /* langs.txt */ = {isa = PBXFileReference; fileEncoding = 4; lastKnownFileType = text; path = langs.txt; sourceTree = "<group>"; };
		3E4AC4181E5E3A61003061F5 /* Recorder.swift */ = {isa = PBXFileReference; fileEncoding = 4; lastKnownFileType = sourcecode.swift; path = Recorder.swift; sourceTree = "<group>"; };
		3E586C7E1E737EB7002C56CA /* DataViewController.swift */ = {isa = PBXFileReference; fileEncoding = 4; lastKnownFileType = sourcecode.swift; path = DataViewController.swift; sourceTree = "<group>"; };
		3E586C801E749C32002C56CA /* AgreementViewController.swift */ = {isa = PBXFileReference; fileEncoding = 4; lastKnownFileType = sourcecode.swift; path = AgreementViewController.swift; sourceTree = "<group>"; };
		3E5C8E891E579B2C00AE2AE4 /* Voicebank.app */ = {isa = PBXFileReference; explicitFileType = wrapper.application; includeInIndex = 0; path = Voicebank.app; sourceTree = BUILT_PRODUCTS_DIR; };
		3E5C8E8C1E579B2C00AE2AE4 /* AppDelegate.swift */ = {isa = PBXFileReference; lastKnownFileType = sourcecode.swift; path = AppDelegate.swift; sourceTree = "<group>"; };
		3E5C8E8E1E579B2C00AE2AE4 /* ViewController.swift */ = {isa = PBXFileReference; lastKnownFileType = sourcecode.swift; path = ViewController.swift; sourceTree = "<group>"; };
		3E5C8E911E579B2C00AE2AE4 /* Base */ = {isa = PBXFileReference; lastKnownFileType = file.storyboard; name = Base; path = Base.lproj/Main.storyboard; sourceTree = "<group>"; };
		3E5C8E931E579B2C00AE2AE4 /* Assets.xcassets */ = {isa = PBXFileReference; lastKnownFileType = folder.assetcatalog; path = Assets.xcassets; sourceTree = "<group>"; };
		3E5C8E961E579B2C00AE2AE4 /* Base */ = {isa = PBXFileReference; lastKnownFileType = file.storyboard; name = Base; path = Base.lproj/LaunchScreen.storyboard; sourceTree = "<group>"; };
		3E5C8E981E579B2C00AE2AE4 /* Info.plist */ = {isa = PBXFileReference; lastKnownFileType = text.plist.xml; path = Info.plist; sourceTree = "<group>"; };
		3E5C8E9D1E579B2C00AE2AE4 /* VoicebankTests.xctest */ = {isa = PBXFileReference; explicitFileType = wrapper.cfbundle; includeInIndex = 0; path = VoicebankTests.xctest; sourceTree = BUILT_PRODUCTS_DIR; };
		3E5C8EA11E579B2C00AE2AE4 /* VoicebankTests.swift */ = {isa = PBXFileReference; lastKnownFileType = sourcecode.swift; path = VoicebankTests.swift; sourceTree = "<group>"; };
		3E5C8EA31E579B2C00AE2AE4 /* Info.plist */ = {isa = PBXFileReference; lastKnownFileType = text.plist.xml; path = Info.plist; sourceTree = "<group>"; };
		3E5C8EA81E579B2C00AE2AE4 /* VoicebankUITests.xctest */ = {isa = PBXFileReference; explicitFileType = wrapper.cfbundle; includeInIndex = 0; path = VoicebankUITests.xctest; sourceTree = BUILT_PRODUCTS_DIR; };
		3E5C8EAC1E579B2C00AE2AE4 /* VoicebankUITests.swift */ = {isa = PBXFileReference; lastKnownFileType = sourcecode.swift; path = VoicebankUITests.swift; sourceTree = "<group>"; };
		3E5C8EAE1E579B2C00AE2AE4 /* Info.plist */ = {isa = PBXFileReference; lastKnownFileType = text.plist.xml; path = Info.plist; sourceTree = "<group>"; };
		3E60B2411E6F5F0D00778806 /* Voicebank-Bridging-Header.h */ = {isa = PBXFileReference; lastKnownFileType = sourcecode.c.h; path = "Voicebank-Bridging-Header.h"; sourceTree = "<group>"; };
		3E60B2421E6F5F0E00778806 /* Sha1.m */ = {isa = PBXFileReference; fileEncoding = 4; lastKnownFileType = sourcecode.c.objc; path = Sha1.m; sourceTree = "<group>"; };
		3EA962921E64E70D009F736B /* WSComm.swift */ = {isa = PBXFileReference; fileEncoding = 4; lastKnownFileType = sourcecode.swift; path = WSComm.swift; sourceTree = "<group>"; };
		7C4691791E67450E00B7D646 /* SwiftSiriWaveformView.swift */ = {isa = PBXFileReference; fileEncoding = 4; lastKnownFileType = sourcecode.swift; path = SwiftSiriWaveformView.swift; sourceTree = "<group>"; };
		7C46917B1E67558C00B7D646 /* LongPressRecordButton.swift */ = {isa = PBXFileReference; fileEncoding = 4; lastKnownFileType = sourcecode.swift; path = LongPressRecordButton.swift; sourceTree = "<group>"; };
		7C5B4E8F1E6A512F00E96D9A /* click2.wav */ = {isa = PBXFileReference; lastKnownFileType = audio.wav; path = click2.wav; sourceTree = "<group>"; };
		7C5B4E901E6A512F00E96D9A /* click3.wav */ = {isa = PBXFileReference; lastKnownFileType = audio.wav; path = click3.wav; sourceTree = "<group>"; };
/* End PBXFileReference section */

/* Begin PBXFrameworksBuildPhase section */
		3E5C8E861E579B2C00AE2AE4 /* Frameworks */ = {
			isa = PBXFrameworksBuildPhase;
			buildActionMask = 2147483647;
			files = (
			);
			runOnlyForDeploymentPostprocessing = 0;
		};
		3E5C8E9A1E579B2C00AE2AE4 /* Frameworks */ = {
			isa = PBXFrameworksBuildPhase;
			buildActionMask = 2147483647;
			files = (
			);
			runOnlyForDeploymentPostprocessing = 0;
		};
		3E5C8EA51E579B2C00AE2AE4 /* Frameworks */ = {
			isa = PBXFrameworksBuildPhase;
			buildActionMask = 2147483647;
			files = (
			);
			runOnlyForDeploymentPostprocessing = 0;
		};
/* End PBXFrameworksBuildPhase section */

/* Begin PBXGroup section */
		3E5C8E801E579B2C00AE2AE4 = {
			isa = PBXGroup;
			children = (
				3E5C8E8B1E579B2C00AE2AE4 /* Voicebank */,
				3E5C8EA01E579B2C00AE2AE4 /* VoicebankTests */,
				3E5C8EAB1E579B2C00AE2AE4 /* VoicebankUITests */,
				3E5C8E8A1E579B2C00AE2AE4 /* Products */,
			);
			sourceTree = "<group>";
		};
		3E5C8E8A1E579B2C00AE2AE4 /* Products */ = {
			isa = PBXGroup;
			children = (
				3E5C8E891E579B2C00AE2AE4 /* Voicebank.app */,
				3E5C8E9D1E579B2C00AE2AE4 /* VoicebankTests.xctest */,
				3E5C8EA81E579B2C00AE2AE4 /* VoicebankUITests.xctest */,
			);
			name = Products;
			sourceTree = "<group>";
		};
		3E5C8E8B1E579B2C00AE2AE4 /* Voicebank */ = {
			isa = PBXGroup;
			children = (
				3E217B951E78A686002E9FE9 /* langs.txt */,
				7C5B4E8F1E6A512F00E96D9A /* click2.wav */,
				7C5B4E901E6A512F00E96D9A /* click3.wav */,
				7C46917B1E67558C00B7D646 /* LongPressRecordButton.swift */,
				7C4691791E67450E00B7D646 /* SwiftSiriWaveformView.swift */,
				3E5C8E8C1E579B2C00AE2AE4 /* AppDelegate.swift */,
				3E5C8E8E1E579B2C00AE2AE4 /* ViewController.swift */,
				3E5C8E901E579B2C00AE2AE4 /* Main.storyboard */,
				3E5C8E931E579B2C00AE2AE4 /* Assets.xcassets */,
				3E5C8E951E579B2C00AE2AE4 /* LaunchScreen.storyboard */,
				3E5C8E981E579B2C00AE2AE4 /* Info.plist */,
				3E4AC4181E5E3A61003061F5 /* Recorder.swift */,
				3EA962921E64E70D009F736B /* WSComm.swift */,
				3E60B2421E6F5F0E00778806 /* Sha1.m */,
				3E60B2411E6F5F0D00778806 /* Voicebank-Bridging-Header.h */,
				3E586C7E1E737EB7002C56CA /* DataViewController.swift */,
				3E586C801E749C32002C56CA /* AgreementViewController.swift */,
			);
			path = Voicebank;
			sourceTree = "<group>";
		};
		3E5C8EA01E579B2C00AE2AE4 /* VoicebankTests */ = {
			isa = PBXGroup;
			children = (
				3E5C8EA11E579B2C00AE2AE4 /* VoicebankTests.swift */,
				3E5C8EA31E579B2C00AE2AE4 /* Info.plist */,
			);
			path = VoicebankTests;
			sourceTree = "<group>";
		};
		3E5C8EAB1E579B2C00AE2AE4 /* VoicebankUITests */ = {
			isa = PBXGroup;
			children = (
				3E5C8EAC1E579B2C00AE2AE4 /* VoicebankUITests.swift */,
				3E5C8EAE1E579B2C00AE2AE4 /* Info.plist */,
			);
			path = VoicebankUITests;
			sourceTree = "<group>";
		};
/* End PBXGroup section */

/* Begin PBXNativeTarget section */
		3E5C8E881E579B2C00AE2AE4 /* Voicebank */ = {
			isa = PBXNativeTarget;
			buildConfigurationList = 3E5C8EB11E579B2C00AE2AE4 /* Build configuration list for PBXNativeTarget "Voicebank" */;
			buildPhases = (
				3E5C8E851E579B2C00AE2AE4 /* Sources */,
				3E5C8E861E579B2C00AE2AE4 /* Frameworks */,
				3E5C8E871E579B2C00AE2AE4 /* Resources */,
			);
			buildRules = (
			);
			dependencies = (
			);
			name = Voicebank;
			productName = Voicebank;
			productReference = 3E5C8E891E579B2C00AE2AE4 /* Voicebank.app */;
			productType = "com.apple.product-type.application";
		};
		3E5C8E9C1E579B2C00AE2AE4 /* VoicebankTests */ = {
			isa = PBXNativeTarget;
			buildConfigurationList = 3E5C8EB41E579B2C00AE2AE4 /* Build configuration list for PBXNativeTarget "VoicebankTests" */;
			buildPhases = (
				3E5C8E991E579B2C00AE2AE4 /* Sources */,
				3E5C8E9A1E579B2C00AE2AE4 /* Frameworks */,
				3E5C8E9B1E579B2C00AE2AE4 /* Resources */,
			);
			buildRules = (
			);
			dependencies = (
				3E5C8E9F1E579B2C00AE2AE4 /* PBXTargetDependency */,
			);
			name = VoicebankTests;
			productName = VoicebankTests;
			productReference = 3E5C8E9D1E579B2C00AE2AE4 /* VoicebankTests.xctest */;
			productType = "com.apple.product-type.bundle.unit-test";
		};
		3E5C8EA71E579B2C00AE2AE4 /* VoicebankUITests */ = {
			isa = PBXNativeTarget;
			buildConfigurationList = 3E5C8EB71E579B2C00AE2AE4 /* Build configuration list for PBXNativeTarget "VoicebankUITests" */;
			buildPhases = (
				3E5C8EA41E579B2C00AE2AE4 /* Sources */,
				3E5C8EA51E579B2C00AE2AE4 /* Frameworks */,
				3E5C8EA61E579B2C00AE2AE4 /* Resources */,
			);
			buildRules = (
			);
			dependencies = (
				3E5C8EAA1E579B2C00AE2AE4 /* PBXTargetDependency */,
			);
			name = VoicebankUITests;
			productName = VoicebankUITests;
			productReference = 3E5C8EA81E579B2C00AE2AE4 /* VoicebankUITests.xctest */;
			productType = "com.apple.product-type.bundle.ui-testing";
		};
/* End PBXNativeTarget section */

/* Begin PBXProject section */
		3E5C8E811E579B2C00AE2AE4 /* Project object */ = {
			isa = PBXProject;
			attributes = {
				LastSwiftUpdateCheck = 0820;
				LastUpgradeCheck = 0820;
				ORGANIZATIONNAME = "Andre Natal";
				TargetAttributes = {
					3E5C8E881E579B2C00AE2AE4 = {
						CreatedOnToolsVersion = 8.2.1;
						DevelopmentTeam = EL6XVK58NU;
						LastSwiftMigration = 0820;
						ProvisioningStyle = Automatic;
					};
					3E5C8E9C1E579B2C00AE2AE4 = {
						CreatedOnToolsVersion = 8.2.1;
						DevelopmentTeam = EL6XVK58NU;
						ProvisioningStyle = Automatic;
						TestTargetID = 3E5C8E881E579B2C00AE2AE4;
					};
					3E5C8EA71E579B2C00AE2AE4 = {
						CreatedOnToolsVersion = 8.2.1;
						DevelopmentTeam = EL6XVK58NU;
						ProvisioningStyle = Automatic;
						TestTargetID = 3E5C8E881E579B2C00AE2AE4;
					};
				};
			};
			buildConfigurationList = 3E5C8E841E579B2C00AE2AE4 /* Build configuration list for PBXProject "Voicebank" */;
			compatibilityVersion = "Xcode 3.2";
			developmentRegion = English;
			hasScannedForEncodings = 0;
			knownRegions = (
				en,
				Base,
			);
			mainGroup = 3E5C8E801E579B2C00AE2AE4;
			productRefGroup = 3E5C8E8A1E579B2C00AE2AE4 /* Products */;
			projectDirPath = "";
			projectRoot = "";
			targets = (
				3E5C8E881E579B2C00AE2AE4 /* Voicebank */,
				3E5C8E9C1E579B2C00AE2AE4 /* VoicebankTests */,
				3E5C8EA71E579B2C00AE2AE4 /* VoicebankUITests */,
			);
		};
/* End PBXProject section */

/* Begin PBXResourcesBuildPhase section */
		3E5C8E871E579B2C00AE2AE4 /* Resources */ = {
			isa = PBXResourcesBuildPhase;
			buildActionMask = 2147483647;
			files = (
				3E5C8E971E579B2C00AE2AE4 /* LaunchScreen.storyboard in Resources */,
				3E5C8E941E579B2C00AE2AE4 /* Assets.xcassets in Resources */,
				3E217B961E78A686002E9FE9 /* langs.txt in Resources */,
				7C5B4E911E6A512F00E96D9A /* click2.wav in Resources */,
				3E5C8E921E579B2C00AE2AE4 /* Main.storyboard in Resources */,
				7C5B4E921E6A512F00E96D9A /* click3.wav in Resources */,
			);
			runOnlyForDeploymentPostprocessing = 0;
		};
		3E5C8E9B1E579B2C00AE2AE4 /* Resources */ = {
			isa = PBXResourcesBuildPhase;
			buildActionMask = 2147483647;
			files = (
				3E217B971E78A686002E9FE9 /* langs.txt in Resources */,
			);
			runOnlyForDeploymentPostprocessing = 0;
		};
		3E5C8EA61E579B2C00AE2AE4 /* Resources */ = {
			isa = PBXResourcesBuildPhase;
			buildActionMask = 2147483647;
			files = (
				3E217B981E78A686002E9FE9 /* langs.txt in Resources */,
			);
			runOnlyForDeploymentPostprocessing = 0;
		};
/* End PBXResourcesBuildPhase section */

/* Begin PBXSourcesBuildPhase section */
		3E5C8E851E579B2C00AE2AE4 /* Sources */ = {
			isa = PBXSourcesBuildPhase;
			buildActionMask = 2147483647;
			files = (
				3E60B2431E6F5F0E00778806 /* Sha1.m in Sources */,
				3E586C7F1E737EB7002C56CA /* DataViewController.swift in Sources */,
				3E5C8E8F1E579B2C00AE2AE4 /* ViewController.swift in Sources */,
				3EA962931E64E70D009F736B /* WSComm.swift in Sources */,
				7C46917A1E67450E00B7D646 /* SwiftSiriWaveformView.swift in Sources */,
				3E4AC4191E5E3A61003061F5 /* Recorder.swift in Sources */,
				3E586C811E749C32002C56CA /* AgreementViewController.swift in Sources */,
				7C46917C1E67558C00B7D646 /* LongPressRecordButton.swift in Sources */,
				3E5C8E8D1E579B2C00AE2AE4 /* AppDelegate.swift in Sources */,
			);
			runOnlyForDeploymentPostprocessing = 0;
		};
		3E5C8E991E579B2C00AE2AE4 /* Sources */ = {
			isa = PBXSourcesBuildPhase;
			buildActionMask = 2147483647;
			files = (
				3E5C8EA21E579B2C00AE2AE4 /* VoicebankTests.swift in Sources */,
			);
			runOnlyForDeploymentPostprocessing = 0;
		};
		3E5C8EA41E579B2C00AE2AE4 /* Sources */ = {
			isa = PBXSourcesBuildPhase;
			buildActionMask = 2147483647;
			files = (
				3E5C8EAD1E579B2C00AE2AE4 /* VoicebankUITests.swift in Sources */,
			);
			runOnlyForDeploymentPostprocessing = 0;
		};
/* End PBXSourcesBuildPhase section */

/* Begin PBXTargetDependency section */
		3E5C8E9F1E579B2C00AE2AE4 /* PBXTargetDependency */ = {
			isa = PBXTargetDependency;
			target = 3E5C8E881E579B2C00AE2AE4 /* Voicebank */;
			targetProxy = 3E5C8E9E1E579B2C00AE2AE4 /* PBXContainerItemProxy */;
		};
		3E5C8EAA1E579B2C00AE2AE4 /* PBXTargetDependency */ = {
			isa = PBXTargetDependency;
			target = 3E5C8E881E579B2C00AE2AE4 /* Voicebank */;
			targetProxy = 3E5C8EA91E579B2C00AE2AE4 /* PBXContainerItemProxy */;
		};
/* End PBXTargetDependency section */

/* Begin PBXVariantGroup section */
		3E5C8E901E579B2C00AE2AE4 /* Main.storyboard */ = {
			isa = PBXVariantGroup;
			children = (
				3E5C8E911E579B2C00AE2AE4 /* Base */,
			);
			name = Main.storyboard;
			sourceTree = "<group>";
		};
		3E5C8E951E579B2C00AE2AE4 /* LaunchScreen.storyboard */ = {
			isa = PBXVariantGroup;
			children = (
				3E5C8E961E579B2C00AE2AE4 /* Base */,
			);
			name = LaunchScreen.storyboard;
			sourceTree = "<group>";
		};
/* End PBXVariantGroup section */

/* Begin XCBuildConfiguration section */
		3E5C8EAF1E579B2C00AE2AE4 /* Debug */ = {
			isa = XCBuildConfiguration;
			buildSettings = {
				ALWAYS_SEARCH_USER_PATHS = NO;
				CLANG_ANALYZER_NONNULL = YES;
				CLANG_CXX_LANGUAGE_STANDARD = "gnu++0x";
				CLANG_CXX_LIBRARY = "libc++";
				CLANG_ENABLE_MODULES = YES;
				CLANG_ENABLE_OBJC_ARC = YES;
				CLANG_WARN_BOOL_CONVERSION = YES;
				CLANG_WARN_CONSTANT_CONVERSION = YES;
				CLANG_WARN_DIRECT_OBJC_ISA_USAGE = YES_ERROR;
				CLANG_WARN_DOCUMENTATION_COMMENTS = YES;
				CLANG_WARN_EMPTY_BODY = YES;
				CLANG_WARN_ENUM_CONVERSION = YES;
				CLANG_WARN_INFINITE_RECURSION = YES;
				CLANG_WARN_INT_CONVERSION = YES;
				CLANG_WARN_OBJC_ROOT_CLASS = YES_ERROR;
				CLANG_WARN_SUSPICIOUS_MOVE = YES;
				CLANG_WARN_UNREACHABLE_CODE = YES;
				CLANG_WARN__DUPLICATE_METHOD_MATCH = YES;
				"CODE_SIGN_IDENTITY[sdk=iphoneos*]" = "iPhone Developer";
				COPY_PHASE_STRIP = NO;
				DEBUG_INFORMATION_FORMAT = dwarf;
				ENABLE_STRICT_OBJC_MSGSEND = YES;
				ENABLE_TESTABILITY = YES;
				GCC_C_LANGUAGE_STANDARD = gnu99;
				GCC_DYNAMIC_NO_PIC = NO;
				GCC_NO_COMMON_BLOCKS = YES;
				GCC_OPTIMIZATION_LEVEL = 0;
				GCC_PREPROCESSOR_DEFINITIONS = (
					"DEBUG=1",
					"$(inherited)",
				);
				GCC_WARN_64_TO_32_BIT_CONVERSION = YES;
				GCC_WARN_ABOUT_RETURN_TYPE = YES_ERROR;
				GCC_WARN_UNDECLARED_SELECTOR = YES;
				GCC_WARN_UNINITIALIZED_AUTOS = YES_AGGRESSIVE;
				GCC_WARN_UNUSED_FUNCTION = YES;
				GCC_WARN_UNUSED_VARIABLE = YES;
				IPHONEOS_DEPLOYMENT_TARGET = 10.2;
				MTL_ENABLE_DEBUG_INFO = YES;
				ONLY_ACTIVE_ARCH = YES;
				SDKROOT = iphoneos;
				SWIFT_ACTIVE_COMPILATION_CONDITIONS = DEBUG;
				SWIFT_OPTIMIZATION_LEVEL = "-Onone";
			};
			name = Debug;
		};
		3E5C8EB01E579B2C00AE2AE4 /* Release */ = {
			isa = XCBuildConfiguration;
			buildSettings = {
				ALWAYS_SEARCH_USER_PATHS = NO;
				CLANG_ANALYZER_NONNULL = YES;
				CLANG_CXX_LANGUAGE_STANDARD = "gnu++0x";
				CLANG_CXX_LIBRARY = "libc++";
				CLANG_ENABLE_MODULES = YES;
				CLANG_ENABLE_OBJC_ARC = YES;
				CLANG_WARN_BOOL_CONVERSION = YES;
				CLANG_WARN_CONSTANT_CONVERSION = YES;
				CLANG_WARN_DIRECT_OBJC_ISA_USAGE = YES_ERROR;
				CLANG_WARN_DOCUMENTATION_COMMENTS = YES;
				CLANG_WARN_EMPTY_BODY = YES;
				CLANG_WARN_ENUM_CONVERSION = YES;
				CLANG_WARN_INFINITE_RECURSION = YES;
				CLANG_WARN_INT_CONVERSION = YES;
				CLANG_WARN_OBJC_ROOT_CLASS = YES_ERROR;
				CLANG_WARN_SUSPICIOUS_MOVE = YES;
				CLANG_WARN_UNREACHABLE_CODE = YES;
				CLANG_WARN__DUPLICATE_METHOD_MATCH = YES;
				"CODE_SIGN_IDENTITY[sdk=iphoneos*]" = "iPhone Developer";
				COPY_PHASE_STRIP = NO;
				DEBUG_INFORMATION_FORMAT = "dwarf-with-dsym";
				ENABLE_NS_ASSERTIONS = NO;
				ENABLE_STRICT_OBJC_MSGSEND = YES;
				GCC_C_LANGUAGE_STANDARD = gnu99;
				GCC_NO_COMMON_BLOCKS = YES;
				GCC_WARN_64_TO_32_BIT_CONVERSION = YES;
				GCC_WARN_ABOUT_RETURN_TYPE = YES_ERROR;
				GCC_WARN_UNDECLARED_SELECTOR = YES;
				GCC_WARN_UNINITIALIZED_AUTOS = YES_AGGRESSIVE;
				GCC_WARN_UNUSED_FUNCTION = YES;
				GCC_WARN_UNUSED_VARIABLE = YES;
				IPHONEOS_DEPLOYMENT_TARGET = 10.2;
				MTL_ENABLE_DEBUG_INFO = NO;
				SDKROOT = iphoneos;
				SWIFT_OPTIMIZATION_LEVEL = "-Owholemodule";
				VALIDATE_PRODUCT = YES;
			};
			name = Release;
		};
		3E5C8EB21E579B2C00AE2AE4 /* Debug */ = {
			isa = XCBuildConfiguration;
			buildSettings = {
				ASSETCATALOG_COMPILER_APPICON_NAME = AppIcon;
				CLANG_ENABLE_MODULES = YES;
				DEVELOPMENT_TEAM = EL6XVK58NU;
				INFOPLIST_FILE = Voicebank/Info.plist;
				LD_RUNPATH_SEARCH_PATHS = "$(inherited) @executable_path/Frameworks";
				PRODUCT_BUNDLE_IDENTIFIER = com.andre.mozilla.voicebank;
				PRODUCT_NAME = "$(TARGET_NAME)";
				SWIFT_OBJC_BRIDGING_HEADER = "Voicebank/Voicebank-Bridging-Header.h";
				SWIFT_OPTIMIZATION_LEVEL = "-Onone";
				SWIFT_VERSION = 3.0;
			};
			name = Debug;
		};
		3E5C8EB31E579B2C00AE2AE4 /* Release */ = {
			isa = XCBuildConfiguration;
			buildSettings = {
				ASSETCATALOG_COMPILER_APPICON_NAME = AppIcon;
				CLANG_ENABLE_MODULES = YES;
				DEVELOPMENT_TEAM = EL6XVK58NU;
				INFOPLIST_FILE = Voicebank/Info.plist;
				LD_RUNPATH_SEARCH_PATHS = "$(inherited) @executable_path/Frameworks";
				PRODUCT_BUNDLE_IDENTIFIER = com.andre.mozilla.voicebank;
				PRODUCT_NAME = "$(TARGET_NAME)";
				SWIFT_OBJC_BRIDGING_HEADER = "Voicebank/Voicebank-Bridging-Header.h";
				SWIFT_VERSION = 3.0;
			};
			name = Release;
		};
		3E5C8EB51E579B2C00AE2AE4 /* Debug */ = {
			isa = XCBuildConfiguration;
			buildSettings = {
				ALWAYS_EMBED_SWIFT_STANDARD_LIBRARIES = YES;
				BUNDLE_LOADER = "$(TEST_HOST)";
				DEVELOPMENT_TEAM = EL6XVK58NU;
				INFOPLIST_FILE = VoicebankTests/Info.plist;
				LD_RUNPATH_SEARCH_PATHS = "$(inherited) @executable_path/Frameworks @loader_path/Frameworks";
				PRODUCT_BUNDLE_IDENTIFIER = com.andre.mozilla.voicebank.VoicebankTests;
				PRODUCT_NAME = "$(TARGET_NAME)";
				SWIFT_VERSION = 3.0;
				TEST_HOST = "$(BUILT_PRODUCTS_DIR)/Voicebank.app/Voicebank";
			};
			name = Debug;
		};
		3E5C8EB61E579B2C00AE2AE4 /* Release */ = {
			isa = XCBuildConfiguration;
			buildSettings = {
				ALWAYS_EMBED_SWIFT_STANDARD_LIBRARIES = YES;
				BUNDLE_LOADER = "$(TEST_HOST)";
				DEVELOPMENT_TEAM = EL6XVK58NU;
				INFOPLIST_FILE = VoicebankTests/Info.plist;
				LD_RUNPATH_SEARCH_PATHS = "$(inherited) @executable_path/Frameworks @loader_path/Frameworks";
				PRODUCT_BUNDLE_IDENTIFIER = com.andre.mozilla.voicebank.VoicebankTests;
				PRODUCT_NAME = "$(TARGET_NAME)";
				SWIFT_VERSION = 3.0;
				TEST_HOST = "$(BUILT_PRODUCTS_DIR)/Voicebank.app/Voicebank";
			};
			name = Release;
		};
		3E5C8EB81E579B2C00AE2AE4 /* Debug */ = {
			isa = XCBuildConfiguration;
			buildSettings = {
				ALWAYS_EMBED_SWIFT_STANDARD_LIBRARIES = YES;
				DEVELOPMENT_TEAM = EL6XVK58NU;
				INFOPLIST_FILE = VoicebankUITests/Info.plist;
				LD_RUNPATH_SEARCH_PATHS = "$(inherited) @executable_path/Frameworks @loader_path/Frameworks";
				PRODUCT_BUNDLE_IDENTIFIER = com.andre.mozilla.voicebank.VoicebankUITests;
				PRODUCT_NAME = "$(TARGET_NAME)";
				SWIFT_VERSION = 3.0;
				TEST_TARGET_NAME = Voicebank;
			};
			name = Debug;
		};
		3E5C8EB91E579B2C00AE2AE4 /* Release */ = {
			isa = XCBuildConfiguration;
			buildSettings = {
				ALWAYS_EMBED_SWIFT_STANDARD_LIBRARIES = YES;
				DEVELOPMENT_TEAM = EL6XVK58NU;
				INFOPLIST_FILE = VoicebankUITests/Info.plist;
				LD_RUNPATH_SEARCH_PATHS = "$(inherited) @executable_path/Frameworks @loader_path/Frameworks";
				PRODUCT_BUNDLE_IDENTIFIER = com.andre.mozilla.voicebank.VoicebankUITests;
				PRODUCT_NAME = "$(TARGET_NAME)";
				SWIFT_VERSION = 3.0;
				TEST_TARGET_NAME = Voicebank;
			};
			name = Release;
		};
/* End XCBuildConfiguration section */

/* Begin XCConfigurationList section */
		3E5C8E841E579B2C00AE2AE4 /* Build configuration list for PBXProject "Voicebank" */ = {
			isa = XCConfigurationList;
			buildConfigurations = (
				3E5C8EAF1E579B2C00AE2AE4 /* Debug */,
				3E5C8EB01E579B2C00AE2AE4 /* Release */,
			);
			defaultConfigurationIsVisible = 0;
			defaultConfigurationName = Release;
		};
		3E5C8EB11E579B2C00AE2AE4 /* Build configuration list for PBXNativeTarget "Voicebank" */ = {
			isa = XCConfigurationList;
			buildConfigurations = (
				3E5C8EB21E579B2C00AE2AE4 /* Debug */,
				3E5C8EB31E579B2C00AE2AE4 /* Release */,
			);
			defaultConfigurationIsVisible = 0;
			defaultConfigurationName = Release;
		};
		3E5C8EB41E579B2C00AE2AE4 /* Build configuration list for PBXNativeTarget "VoicebankTests" */ = {
			isa = XCConfigurationList;
			buildConfigurations = (
				3E5C8EB51E579B2C00AE2AE4 /* Debug */,
				3E5C8EB61E579B2C00AE2AE4 /* Release */,
			);
			defaultConfigurationIsVisible = 0;
			defaultConfigurationName = Release;
		};
		3E5C8EB71E579B2C00AE2AE4 /* Build configuration list for PBXNativeTarget "VoicebankUITests" */ = {
			isa = XCConfigurationList;
			buildConfigurations = (
				3E5C8EB81E579B2C00AE2AE4 /* Debug */,
				3E5C8EB91E579B2C00AE2AE4 /* Release */,
			);
			defaultConfigurationIsVisible = 0;
			defaultConfigurationName = Release;
		};
/* End XCConfigurationList section */
	};
	rootObject = 3E5C8E811E579B2C00AE2AE4 /* Project object */;
}
